
Microsoft Visual Studio Solution File, Format Version 10.00
# Visual C# Express 2008
Project("{FAE04EC0-301F-11D3-BF4B-00C04F79EFBC}") = "SqlProjectCsharp", "SqlProjectCsharp\SqlProjectCsharp.csproj", "{2BA739DF-31F7-42FD-A776-F46FD3D4A012}"
EndProject
Global
	GlobalSection(SolutionConfigurationPlatforms) = preSolution
		Debug|Any CPU = Debug|Any CPU
		Release|Any CPU = Release|Any CPU
	EndGlobalSection
	GlobalSection(ProjectConfigurationPlatforms) = postSolution
		{2BA739DF-31F7-42FD-A776-F46FD3D4A012}.Debug|Any CPU.ActiveCfg = Debug|Any CPU
		{2BA739DF-31F7-42FD-A776-F46FD3D4A012}.Debug|Any CPU.Build.0 = Debug|Any CPU
		{2BA739DF-31F7-42FD-A776-F46FD3D4A012}.Release|Any CPU.ActiveCfg = Release|Any CPU
		{2BA739DF-31F7-42FD-A776-F46FD3D4A012}.Release|Any CPU.Build.0 = Release|Any CPU
	EndGlobalSection
	GlobalSection(SolutionProperties) = preSolution
		HideSolutionNode = FALSE
	EndGlobalSection
EndGlobal
